// !$*UTF8*$!
{
	archiveVersion = 1;
	classes = {
	};
	objectVersion = 46;
	objects = {

/* Begin PBXBuildFile section */
		638363FB1C5F87E0000958AE /* AppDelegate.swift in Sources */ = {isa = PBXBuildFile; fileRef = 638363FA1C5F87E0000958AE /* AppDelegate.swift */; };
		638363FD1C5F87E0000958AE /* ViewController.swift in Sources */ = {isa = PBXBuildFile; fileRef = 638363FC1C5F87E0000958AE /* ViewController.swift */; };
		638364001C5F87E0000958AE /* Main.storyboard in Resources */ = {isa = PBXBuildFile; fileRef = 638363FE1C5F87E0000958AE /* Main.storyboard */; };
		638364021C5F87E0000958AE /* Assets.xcassets in Resources */ = {isa = PBXBuildFile; fileRef = 638364011C5F87E0000958AE /* Assets.xcassets */; };
		638364051C5F87E0000958AE /* LaunchScreen.storyboard in Resources */ = {isa = PBXBuildFile; fileRef = 638364031C5F87E0000958AE /* LaunchScreen.storyboard */; };
/* End PBXBuildFile section */

/* Begin PBXFileReference section */
		638363F71C5F87E0000958AE /* udemy-03-autolayout-constraints.app */ = {isa = PBXFileReference; explicitFileType = wrapper.application; includeInIndex = 0; path = "udemy-03-autolayout-constraints.app"; sourceTree = BUILT_PRODUCTS_DIR; };
		638363FA1C5F87E0000958AE /* AppDelegate.swift */ = {isa = PBXFileReference; lastKnownFileType = sourcecode.swift; path = AppDelegate.swift; sourceTree = "<group>"; };
		638363FC1C5F87E0000958AE /* ViewController.swift */ = {isa = PBXFileReference; lastKnownFileType = sourcecode.swift; path = ViewController.swift; sourceTree = "<group>"; };
		638363FF1C5F87E0000958AE /* Base */ = {isa = PBXFileReference; lastKnownFileType = file.storyboard; name = Base; path = Base.lproj/Main.storyboard; sourceTree = "<group>"; };
		638364011C5F87E0000958AE /* Assets.xcassets */ = {isa = PBXFileReference; lastKnownFileType = folder.assetcatalog; path = Assets.xcassets; sourceTree = "<group>"; };
		638364041C5F87E0000958AE /* Base */ = {isa = PBXFileReference; lastKnownFileType = file.storyboard; name = Base; path = Base.lproj/LaunchScreen.storyboard; sourceTree = "<group>"; };
		638364061C5F87E0000958AE /* Info.plist */ = {isa = PBXFileReference; lastKnownFileType = text.plist.xml; path = Info.plist; sourceTree = "<group>"; };
/* End PBXFileReference section */

/* Begin PBXFrameworksBuildPhase section */
		638363F41C5F87E0000958AE /* Frameworks */ = {
			isa = PBXFrameworksBuildPhase;
			buildActionMask = 2147483647;
			files = (
			);
			runOnlyForDeploymentPostprocessing = 0;
		};
/* End PBXFrameworksBuildPhase section */

/* Begin PBXGroup section */
		638363EE1C5F87E0000958AE = {
			isa = PBXGroup;
			children = (
				638363F91C5F87E0000958AE /* udemy-03-autolayout-constraints */,
				638363F81C5F87E0000958AE /* Products */,
			);
			sourceTree = "<group>";
		};
		638363F81C5F87E0000958AE /* Products */ = {
			isa = PBXGroup;
			children = (
				638363F71C5F87E0000958AE /* udemy-03-autolayout-constraints.app */,
			);
			name = Products;
			sourceTree = "<group>";
		};
		638363F91C5F87E0000958AE /* udemy-03-autolayout-constraints */ = {
			isa = PBXGroup;
			children = (
				638363FA1C5F87E0000958AE /* AppDelegate.swift */,
				638363FC1C5F87E0000958AE /* ViewController.swift */,
				638363FE1C5F87E0000958AE /* Main.storyboard */,
				638364011C5F87E0000958AE /* Assets.xcassets */,
				638364031C5F87E0000958AE /* LaunchScreen.storyboard */,
				638364061C5F87E0000958AE /* Info.plist */,
			);
			path = "udemy-03-autolayout-constraints";
			sourceTree = "<group>";
		};
/* End PBXGroup section */

/* Begin PBXNativeTarget section */
		638363F61C5F87E0000958AE /* udemy-03-autolayout-constraints */ = {
			isa = PBXNativeTarget;
			buildConfigurationList = 638364091C5F87E0000958AE /* Build configuration list for PBXNativeTarget "udemy-03-autolayout-constraints" */;
			buildPhases = (
				638363F31C5F87E0000958AE /* Sources */,
				638363F41C5F87E0000958AE /* Frameworks */,
				638363F51C5F87E0000958AE /* Resources */,
			);
			buildRules = (
			);
			dependencies = (
			);
			name = "udemy-03-autolayout-constraints";
			productName = "udemy-03-autolayout-constraints";
			productReference = 638363F71C5F87E0000958AE /* udemy-03-autolayout-constraints.app */;
			productType = "com.apple.product-type.application";
		};
/* End PBXNativeTarget section */

/* Begin PBXProject section */
		638363EF1C5F87E0000958AE /* Project object */ = {
			isa = PBXProject;
			attributes = {
				LastSwiftUpdateCheck = 0720;
				LastUpgradeCheck = 0720;
				ORGANIZATIONNAME = "David Stroud";
				TargetAttributes = {
					638363F61C5F87E0000958AE = {
						CreatedOnToolsVersion = 7.2;
					};
				};
			};
			buildConfigurationList = 638363F21C5F87E0000958AE /* Build configuration list for PBXProject "udemy-03-autolayout-constraints" */;
			compatibilityVersion = "Xcode 3.2";
			developmentRegion = English;
			hasScannedForEncodings = 0;
			knownRegions = (
				en,
				Base,
			);
			mainGroup = 638363EE1C5F87E0000958AE;
			productRefGroup = 638363F81C5F87E0000958AE /* Products */;
			projectDirPath = "";
			projectRoot = "";
			targets = (
				638363F61C5F87E0000958AE /* udemy-03-autolayout-constraints */,
			);
		};
/* End PBXProject section */

/* Begin PBXResourcesBuildPhase section */
		638363F51C5F87E0000958AE /* Resources */ = {
			isa = PBXResourcesBuildPhase;
			buildActionMask = 2147483647;
			files = (
				638364051C5F87E0000958AE /* LaunchScreen.storyboard in Resources */,
				638364021C5F87E0000958AE /* Assets.xcassets in Resources */,
				638364001C5F87E0000958AE /* Main.storyboard in Resources */,
			);
			runOnlyForDeploymentPostprocessing = 0;
		};
/* End PBXResourcesBuildPhase section */

/* Begin PBXSourcesBuildPhase section */
		638363F31C5F87E0000958AE /* Sources */ = {
			isa = PBXSourcesBuildPhase;
			buildActionMask = 2147483647;
			files = (
				638363FD1C5F87E0000958AE /* ViewController.swift in Sources */,
				638363FB1C5F87E0000958AE /* AppDelegate.swift in Sources */,
			);
			runOnlyForDeploymentPostprocessing = 0;
		};
/* End PBXSourcesBuildPhase section */

/* Begin PBXVariantGroup section */
		638363FE1C5F87E0000958AE /* Main.storyboard */ = {
			isa = PBXVariantGroup;
			children = (
				638363FF1C5F87E0000958AE /* Base */,
			);
			name = Main.storyboard;
			sourceTree = "<group>";
		};
		638364031C5F87E0000958AE /* LaunchScreen.storyboard */ = {
			isa = PBXVariantGroup;
			children = (
				638364041C5F87E0000958AE /* Base */,
			);
			name = LaunchScreen.storyboard;
			sourceTree = "<group>";
		};
/* End PBXVariantGroup section */

/* Begin XCBuildConfiguration section */
		638364071C5F87E0000958AE /* Debug */ = {
			isa = XCBuildConfiguration;
			buildSettings = {
				ALWAYS_SEARCH_USER_PATHS = NO;
				CLANG_CXX_LANGUAGE_STANDARD = "gnu++0x";
				CLANG_CXX_LIBRARY = "libc++";
				CLANG_ENABLE_MODULES = YES;
				CLANG_ENABLE_OBJC_ARC = YES;
				CLANG_WARN_BOOL_CONVERSION = YES;
				CLANG_WARN_CONSTANT_CONVERSION = YES;
				CLANG_WARN_DIRECT_OBJC_ISA_USAGE = YES_ERROR;
				CLANG_WARN_EMPTY_BODY = YES;
				CLANG_WARN_ENUM_CONVERSION = YES;
				CLANG_WARN_INT_CONVERSION = YES;
				CLANG_WARN_OBJC_ROOT_CLASS = YES_ERROR;
				CLANG_WARN_UNREACHABLE_CODE = YES;
				CLANG_WARN__DUPLICATE_METHOD_MATCH = YES;
				"CODE_SIGN_IDENTITY[sdk=iphoneos*]" = "iPhone Developer";
				COPY_PHASE_STRIP = NO;
				DEBUG_INFORMATION_FORMAT = dwarf;
				ENABLE_STRICT_OBJC_MSGSEND = YES;
				ENABLE_TESTABILITY = YES;
				GCC_C_LANGUAGE_STANDARD = gnu99;
				GCC_DYNAMIC_NO_PIC = NO;
				GCC_NO_COMMON_BLOCKS = YES;
				GCC_OPTIMIZATION_LEVEL = 0;
				GCC_PREPROCESSOR_DEFINITIONS = (
					"DEBUG=1",
					"$(inherited)",
				);
				GCC_WARN_64_TO_32_BIT_CONVERSION = YES;
				GCC_WARN_ABOUT_RETURN_TYPE = YES_ERROR;
				GCC_WARN_UNDECLARED_SELECTOR = YES;
				GCC_WARN_UNINITIALIZED_AUTOS = YES_AGGRESSIVE;
				GCC_WARN_UNUSED_FUNCTION = YES;
				GCC_WARN_UNUSED_VARIABLE = YES;
				IPHONEOS_DEPLOYMENT_TARGET = 9.2;
				MTL_ENABLE_DEBUG_INFO = YES;
				ONLY_ACTIVE_ARCH = YES;
				SDKROOT = iphoneos;
				SWIFT_OPTIMIZATION_LEVEL = "-Onone";
			};
			name = Debug;
		};
		638364081C5F87E0000958AE /* Release */ = {
			isa = XCBuildConfiguration;
			buildSettings = {
				ALWAYS_SEARCH_USER_PATHS = NO;
				CLANG_CXX_LANGUAGE_STANDARD = "gnu++0x";
				CLANG_CXX_LIBRARY = "libc++";
				CLANG_ENABLE_MODULES = YES;
				CLANG_ENABLE_OBJC_ARC = YES;
				CLANG_WARN_BOOL_CONVERSION = YES;
				CLANG_WARN_CONSTANT_CONVERSION = YES;
				CLANG_WARN_DIRECT_OBJC_ISA_USAGE = YES_ERROR;
				CLANG_WARN_EMPTY_BODY = YES;
				CLANG_WARN_ENUM_CONVERSION = YES;
				CLANG_WARN_INT_CONVERSION = YES;
				CLANG_WARN_OBJC_ROOT_CLASS = YES_ERROR;
				CLANG_WARN_UNREACHABLE_CODE = YES;
				CLANG_WARN__DUPLICATE_METHOD_MATCH = YES;
				"CODE_SIGN_IDENTITY[sdk=iphoneos*]" = "iPhone Developer";
				COPY_PHASE_STRIP = NO;
				DEBUG_INFORMATION_FORMAT = "dwarf-with-dsym";
				ENABLE_NS_ASSERTIONS = NO;
				ENABLE_STRICT_OBJC_MSGSEND = YES;
				GCC_C_LANGUAGE_STANDARD = gnu99;
				GCC_NO_COMMON_BLOCKS = YES;
				GCC_WARN_64_TO_32_BIT_CONVERSION = YES;
				GCC_WARN_ABOUT_RETURN_TYPE = YES_ERROR;
				GCC_WARN_UNDECLARED_SELECTOR = YES;
				GCC_WARN_UNINITIALIZED_AUTOS = YES_AGGRESSIVE;
				GCC_WARN_UNUSED_FUNCTION = YES;
				GCC_WARN_UNUSED_VARIABLE = YES;
				IPHONEOS_DEPLOYMENT_TARGET = 9.2;
				MTL_ENABLE_DEBUG_INFO = NO;
				SDKROOT = iphoneos;
				VALIDATE_PRODUCT = YES;
			};
			name = Release;
		};
		6383640A1C5F87E0000958AE /* Debug */ = {
			isa = XCBuildConfiguration;
			buildSettings = {
				ASSETCATALOG_COMPILER_APPICON_NAME = AppIcon;
				INFOPLIST_FILE = "udemy-03-autolayout-constraints/Info.plist";
				LD_RUNPATH_SEARCH_PATHS = "$(inherited) @executable_path/Frameworks";
				PRODUCT_BUNDLE_IDENTIFIER = "com.dwstroud.udemy-03-autolayout-constraints";
				PRODUCT_NAME = "$(TARGET_NAME)";
			};
			name = Debug;
		};
		6383640B1C5F87E0000958AE /* Release */ = {
			isa = XCBuildConfiguration;
			buildSettings = {
				ASSETCATALOG_COMPILER_APPICON_NAME = AppIcon;
				INFOPLIST_FILE = "udemy-03-autolayout-constraints/Info.plist";
				LD_RUNPATH_SEARCH_PATHS = "$(inherited) @executable_path/Frameworks";
				PRODUCT_BUNDLE_IDENTIFIER = "com.dwstroud.udemy-03-autolayout-constraints";
				PRODUCT_NAME = "$(TARGET_NAME)";
			};
			name = Release;
		};
/* End XCBuildConfiguration section */

/* Begin XCConfigurationList section */
		638363F21C5F87E0000958AE /* Build configuration list for PBXProject "udemy-03-autolayout-constraints" */ = {
			isa = XCConfigurationList;
			buildConfigurations = (
				638364071C5F87E0000958AE /* Debug */,
				638364081C5F87E0000958AE /* Release */,
			);
			defaultConfigurationIsVisible = 0;
			defaultConfigurationName = Release;
		};
		638364091C5F87E0000958AE /* Build configuration list for PBXNativeTarget "udemy-03-autolayout-constraints" */ = {
			isa = XCConfigurationList;
			buildConfigurations = (
				6383640A1C5F87E0000958AE /* Debug */,
				6383640B1C5F87E0000958AE /* Release */,
			);
			defaultConfigurationIsVisible = 0;
			defaultConfigurationName = Release;
		};
/* End XCConfigurationList section */
	};
	rootObject = 638363EF1C5F87E0000958AE /* Project object */;
}
